{
    "version": 3,
    "terraform_version": "0.11.11",
    "serial": 1,
    "lineage": "21fabb81-5f01-6282-709f-f1d8510c2c7e",
    "modules": [
        {
            "path": [
                "root"
            ],
            "outputs": {},
            "resources": {
                "aws_instance.VPCPeering": {
                    "type": "aws_instance",
                    "depends_on": [],
                    "primary": {
                        "id": "i-0874633dedf79bf1c",
                        "attributes": {
                            "ami": "ami-0d1cd67c26f5fca19",
                            "arn": "arn:aws:ec2:us-west-2:488752486478:instance/i-0874633dedf79bf1c",
                            "associate_public_ip_address": "true",
                            "availability_zone": "us-west-2b",
                            "cpu_core_count": "1",
                            "cpu_threads_per_core": "1",
                            "credit_specification.#": "1",
                            "credit_specification.0.cpu_credits": "standard",
                            "disable_api_termination": "false",
                            "ebs_block_device.#": "0",
                            "ebs_optimized": "false",
                            "ephemeral_block_device.#": "0",
                            "get_password_data": "false",
                            "hibernation": "false",
                            "iam_instance_profile": "",
                            "id": "i-0874633dedf79bf1c",
                            "instance_state": "running",
                            "instance_type": "t2.micro",
                            "ipv6_address_count": "0",
                            "ipv6_addresses.#": "0",
                            "key_name": "",
                            "monitoring": "false",
                            "network_interface.#": "0",
                            "password_data": "",
                            "placement_group": "",
                            "primary_network_interface_id": "eni-0e30ba9e5221a8b7c",
                            "private_dns": "ip-172-31-21-54.us-west-2.compute.internal",
                            "private_ip": "172.31.21.54",
                            "public_dns": "ec2-34-222-148-171.us-west-2.compute.amazonaws.com",
                            "public_ip": "34.222.148.171",
                            "root_block_device.#": "1",
                            "root_block_device.0.delete_on_termination": "true",
                            "root_block_device.0.encrypted": "false",
                            "root_block_device.0.iops": "100",
                            "root_block_device.0.kms_key_id": "",
                            "root_block_device.0.volume_id": "vol-0fed9ae475d69b005",
                            "root_block_device.0.volume_size": "8",
                            "root_block_device.0.volume_type": "gp2",
                            "security_groups.#": "1",
                            "security_groups.3814588639": "default",
                            "source_dest_check": "true",
                            "subnet_id": "subnet-b5d724cd",
                            "tags.%": "1",
                            "tags.name": "VPCPeering",
                            "tenancy": "default",
                            "volume_tags.%": "0",
                            "vpc_security_group_ids.#": "1",
                            "vpc_security_group_ids.1965571067": "sg-1e120a43"
                        },
                        "meta": {
                            "e2bfb730-ecaa-11e6-8f88-34363bc7c4c0": {
                                "create": 600000000000,
                                "delete": 1200000000000,
                                "update": 600000000000
                            },
                            "schema_version": "1"
                        },
                        "tainted": false
                    },
                    "deposed": [],
                    "provider": "provider.aws"
                }
            },
            "depends_on": []
        }
    ]
}
